<?xml version="1.0" encoding="utf-8"?>
<Project ToolsVersion="4.0" xmlns="http://schemas.microsoft.com/developer/msbuild/2003">
  <ItemGroup>
    <Filter Include="Pliki źródłowe">
      <UniqueIdentifier>{4FC737F1-C7A5-4376-A066-2A32D752A2FF}</UniqueIdentifier>
      <Extensions>cpp;c;cc;cxx;c++;cppm;ixx;def;odl;idl;hpj;bat;asm;asmx</Extensions>
    </Filter>
    <Filter Include="Pliki nagłówkowe">
      <UniqueIdentifier>{93995380-89BD-4b04-88EB-625FBE52EBFB}</UniqueIdentifier>
      <Extensions>h;hh;hpp;hxx;h++;hm;inl;inc;ipp;xsd</Extensions>
    </Filter>
    <Filter Include="Pliki zasobów">
      <UniqueIdentifier>{67DA6AB6-F800-4c08-8B7A-83BB121AAD01}</UniqueIdentifier>
      <Extensions>rc;ico;cur;bmp;dlg;rc2;rct;bin;rgs;gif;jpg;jpeg;jpe;resx;tiff;tif;png;wav;mfcribbon-ms</Extensions>
    </Filter>
    <Filter Include="Pliki źródłowe\OpenGL">
      <UniqueIdentifier>{271825d4-d89b-4699-b521-1bed261dc935}</UniqueIdentifier>
    </Filter>
    <Filter Include="Pliki nagłówkowe\OpenGL">
      <UniqueIdentifier>{885ce77e-ec03-4f0e-a99b-ddbd2d2eee3d}</UniqueIdentifier>
    </Filter>
  </ItemGroup>
  <ItemGroup>
    <ClCompile Include="Main.cpp">
      <Filter>Pliki źródłowe</Filter>
    </ClCompile>
    <ClCompile Include="..\glad\glad.c">
      <Filter>Pliki źródłowe</Filter>
    </ClCompile>
    <ClCompile Include="Core.cpp">
      <Filter>Pliki źródłowe</Filter>
    </ClCompile>
    <ClCompile Include="Window.cpp">
      <Filter>Pliki źródłowe</Filter>
    </ClCompile>
    <ClCompile Include="OpenGL\MasterRenderer.cpp">
      <Filter>Pliki źródłowe\OpenGL</Filter>
    </ClCompile>
    <ClCompile Include="OpenGL\VertexBuffer.cpp">
      <Filter>Pliki źródłowe\OpenGL</Filter>
    </ClCompile>
    <ClCompile Include="OpenGL\Shader.cpp">
      <Filter>Pliki źródłowe</Filter>
    </ClCompile>
    <ClCompile Include="OpenGL\Camera.cpp">
      <Filter>Pliki źródłowe</Filter>
    </ClCompile>
    <ClCompile Include="System\Input.cpp">
      <Filter>Pliki źródłowe</Filter>
    </ClCompile>
    <ClCompile Include="OpenGL\Texture.cpp">
      <Filter>Pliki źródłowe</Filter>
    </ClCompile>
    <ClCompile Include="Game\Chunk.cpp">
      <Filter>Pliki źródłowe</Filter>
    </ClCompile>
    <ClCompile Include="Game\ChunkBuilder.cpp">
      <Filter>Pliki źródłowe</Filter>
    </ClCompile>
    <ClCompile Include="Game\VoxelMesh.cpp">
      <Filter>Pliki źródłowe</Filter>
    </ClCompile>
    <ClCompile Include="Game\TextureAtlas.cpp">
      <Filter>Pliki źródłowe</Filter>
    </ClCompile>
    <ClCompile Include="Game\World.cpp">
      <Filter>Pliki źródłowe</Filter>
    </ClCompile>
    <ClCompile Include="Game\World Gen\WordGenerator.cpp">
      <Filter>Pliki źródłowe</Filter>
    </ClCompile>
    <ClCompile Include="OpenGL\CubeMap.cpp">
      <Filter>Pliki źródłowe</Filter>
    </ClCompile>
    <ClCompile Include="Game\WorldRayCast.cpp">
      <Filter>Pliki źródłowe</Filter>
    </ClCompile>
    <ClCompile Include="Game\Player.cpp">
      <Filter>Pliki źródłowe</Filter>
    </ClCompile>
    <ClCompile Include="Game\Entities\PlayerEntity.cpp">
      <Filter>Pliki źródłowe</Filter>
    </ClCompile>
    <ClCompile Include="OpenGL\WorldVertexBuffer.cpp">
      <Filter>Pliki źródłowe</Filter>
    </ClCompile>
  </ItemGroup>
  <ItemGroup>
    <ClInclude Include="Core.h">
      <Filter>Pliki nagłówkowe</Filter>
    </ClInclude>
    <ClInclude Include="Window.h">
      <Filter>Pliki nagłówkowe</Filter>
    </ClInclude>
    <ClInclude Include="OpenGL\MasterRenderer.h">
      <Filter>Pliki nagłówkowe\OpenGL</Filter>
    </ClInclude>
    <ClInclude Include="OpenGL\VertexBuffer.h">
      <Filter>Pliki nagłówkowe\OpenGL</Filter>
    </ClInclude>
    <ClInclude Include="OpenGL\Shader.h">
      <Filter>Pliki nagłówkowe</Filter>
    </ClInclude>
    <ClInclude Include="OpenGL\Camera.h">
      <Filter>Pliki nagłówkowe</Filter>
    </ClInclude>
    <ClInclude Include="System\Input.h">
      <Filter>Pliki nagłówkowe</Filter>
    </ClInclude>
    <ClInclude Include="OpenGL\Texture.h">
      <Filter>Pliki nagłówkowe</Filter>
    </ClInclude>
    <ClInclude Include="Game\Chunk.h">
      <Filter>Pliki nagłówkowe</Filter>
    </ClInclude>
    <ClInclude Include="Game\VoxelData.h">
      <Filter>Pliki nagłówkowe</Filter>
    </ClInclude>
    <ClInclude Include="Game\ChunkBuilder.h">
      <Filter>Pliki nagłówkowe</Filter>
    </ClInclude>
    <ClInclude Include="Game\VoxelMesh.h">
      <Filter>Pliki nagłówkowe</Filter>
    </ClInclude>
    <ClInclude Include="Game\BlockData.h">
      <Filter>Pliki nagłówkowe</Filter>
    </ClInclude>
    <ClInclude Include="Game\TextureAtlas.h">
      <Filter>Pliki nagłówkowe</Filter>
    </ClInclude>
    <ClInclude Include="Game\World.h">
      <Filter>Pliki nagłówkowe</Filter>
    </ClInclude>
    <ClInclude Include="Game\World Gen\WordGenerator.h">
      <Filter>Pliki nagłówkowe</Filter>
    </ClInclude>
    <ClInclude Include="OpenGL\CubeMap.h">
      <Filter>Pliki nagłówkowe</Filter>
    </ClInclude>
    <ClInclude Include="Game\WorldRayCast.h">
      <Filter>Pliki nagłówkowe</Filter>
    </ClInclude>
    <ClInclude Include="Game\Player.h">
      <Filter>Pliki nagłówkowe</Filter>
    </ClInclude>
    <ClInclude Include="Game\Entities\PlayerEntity.h">
      <Filter>Pliki nagłówkowe</Filter>
    </ClInclude>
    <ClInclude Include="OpenGL\WorldVertexBuffer.h">
      <Filter>Pliki nagłówkowe</Filter>
    </ClInclude>
  </ItemGroup>
  <ItemGroup>
    <None Include="Resources\Shaders\final.vert" />
    <None Include="Resources\Shaders\final.frag" />
    <None Include="Resources\Shaders\cubeMap.frag" />
    <None Include="Resources\Shaders\cubeMap.vert" />
  </ItemGroup>
  <ItemGroup>
    <Image Include="Resources\Textures\wall.png">
      <Filter>Pliki zasobów</Filter>
    </Image>
    <Image Include="Resources\Textures\circle.png">
      <Filter>Pliki zasobów</Filter>
    </Image>
    <Image Include="Resources\Textures\TextureAtlas.png">
      <Filter>Pliki zasobów</Filter>
    </Image>
    <Image Include="Resources\Textures\Skybox\negx.jpg">
      <Filter>Pliki zasobów</Filter>
    </Image>
    <Image Include="Resources\Textures\Skybox\negy.jpg">
      <Filter>Pliki zasobów</Filter>
    </Image>
    <Image Include="Resources\Textures\Skybox\negz.jpg">
      <Filter>Pliki zasobów</Filter>
    </Image>
    <Image Include="Resources\Textures\Skybox\posx.jpg">
      <Filter>Pliki zasobów</Filter>
    </Image>
    <Image Include="Resources\Textures\Skybox\posy.jpg">
      <Filter>Pliki zasobów</Filter>
    </Image>
    <Image Include="Resources\Textures\Skybox\posz.jpg">
      <Filter>Pliki zasobów</Filter>
    </Image>
  </ItemGroup>
</Project>